
Microsoft Visual Studio Solution File, Format Version 12.00
# Visual Studio Version 16
VisualStudioVersion = 16.0.30204.135
MinimumVisualStudioVersion = 10.0.40219.1
Project("{FAE04EC0-301F-11D3-BF4B-00C04F79EFBC}") = "PressIt", "PressIt\PressIt.csproj", "{A3A82A15-F28D-465D-A06D-DA04C7131609}"
EndProject
Global
	GlobalSection(SolutionConfigurationPlatforms) = preSolution
		Debug|Any CPU = Debug|Any CPU
		Release|Any CPU = Release|Any CPU
	EndGlobalSection
	GlobalSection(ProjectConfigurationPlatforms) = postSolution
		{A3A82A15-F28D-465D-A06D-DA04C7131609}.Debug|Any CPU.ActiveCfg = Debug|Any CPU
		{A3A82A15-F28D-465D-A06D-DA04C7131609}.Debug|Any CPU.Build.0 = Debug|Any CPU
		{A3A82A15-F28D-465D-A06D-DA04C7131609}.Release|Any CPU.ActiveCfg = Release|Any CPU
		{A3A82A15-F28D-465D-A06D-DA04C7131609}.Release|Any CPU.Build.0 = Release|Any CPU
	EndGlobalSection
	GlobalSection(SolutionProperties) = preSolution
		HideSolutionNode = FALSE
	EndGlobalSection
	GlobalSection(ExtensibilityGlobals) = postSolution
		SolutionGuid = {D7315CD9-DFE2-498D-9E0B-08CA82DC761C}
	EndGlobalSection
EndGlobal
